// !$*UTF8*$!
{
	archiveVersion = 1;
	classes = {
	};
	objectVersion = 51;
	objects = {

/* Begin PBXBuildFile section */
		53884A628D91C43EBDCF64A1 /* Pods_Wayback_Machine_Extension.framework in Frameworks */ = {isa = PBXBuildFile; fileRef = 8865BE4CB6E14B950A1CC51C /* Pods_Wayback_Machine_Extension.framework */; };
		840C191B22AF834600B6C67E /* WMEUtil.swift in Sources */ = {isa = PBXBuildFile; fileRef = 840C191A22AF834600B6C67E /* WMEUtil.swift */; };
		841E733322B0D39100F489E6 /* WMEAboutVC.swift in Sources */ = {isa = PBXBuildFile; fileRef = 841E733122B0D39100F489E6 /* WMEAboutVC.swift */; };
		841E733422B0D39100F489E6 /* WMEAboutVC.xib in Resources */ = {isa = PBXBuildFile; fileRef = 841E733222B0D39100F489E6 /* WMEAboutVC.xib */; };
		846C82D222EFEA4400A13F62 /* car.gif in Resources */ = {isa = PBXBuildFile; fileRef = 846C82D022EFEA4400A13F62 /* car.gif */; };
		846C82D322EFEA4400A13F62 /* close.svg in Resources */ = {isa = PBXBuildFile; fileRef = 846C82D122EFEA4400A13F62 /* close.svg */; };
		8476247122C3DCCD00E8ADD8 /* d3.min.js in Resources */ = {isa = PBXBuildFile; fileRef = 8476247022C3DCCD00E8ADD8 /* d3.min.js */; };
		8476247822C3E3C500E8ADD8 /* sequences.css in Resources */ = {isa = PBXBuildFile; fileRef = 8476247522C3E3C500E8ADD8 /* sequences.css */; };
		8476247A22C3E3C500E8ADD8 /* RTContent.css in Resources */ = {isa = PBXBuildFile; fileRef = 8476247722C3E3C500E8ADD8 /* RTContent.css */; };
		84781FB92162186700F8290D /* Assets.xcassets in Resources */ = {isa = PBXBuildFile; fileRef = C38D18CF215EE6E700E95389 /* Assets.xcassets */; };
		84781FBB216219F500F8290D /* WMConstants.swift in Sources */ = {isa = PBXBuildFile; fileRef = 84781FBA216219F500F8290D /* WMConstants.swift */; };
		84781FBC216219F800F8290D /* WMConstants.swift in Sources */ = {isa = PBXBuildFile; fileRef = 84781FBA216219F500F8290D /* WMConstants.swift */; };
		84781FBF2162294300F8290D /* WMEBaseVC.swift in Sources */ = {isa = PBXBuildFile; fileRef = 84781FBE2162294300F8290D /* WMEBaseVC.swift */; };
		8492AD9E22D21F80004EAEA4 /* WMELoginVC.swift in Sources */ = {isa = PBXBuildFile; fileRef = 8492AD9C22D21F80004EAEA4 /* WMELoginVC.swift */; };
		8492AD9F22D21F80004EAEA4 /* WMELoginVC.xib in Resources */ = {isa = PBXBuildFile; fileRef = 8492AD9D22D21F80004EAEA4 /* WMELoginVC.xib */; };
		8492ADA122D21FC5004EAEA4 /* WMEMainVC.xib in Resources */ = {isa = PBXBuildFile; fileRef = 8492ADA022D21FC5004EAEA4 /* WMEMainVC.xib */; };
		8492ADA322D2BF1E004EAEA4 /* WMEGlobal.swift in Sources */ = {isa = PBXBuildFile; fileRef = 8492ADA222D2BF1E004EAEA4 /* WMEGlobal.swift */; };
		84F2843D22AB0E55006E260A /* NSViewExtensions.swift in Sources */ = {isa = PBXBuildFile; fileRef = 84F2843C22AB0E55006E260A /* NSViewExtensions.swift */; };
		84F2843E22AB0F68006E260A /* NSViewExtensions.swift in Sources */ = {isa = PBXBuildFile; fileRef = 84F2843C22AB0E55006E260A /* NSViewExtensions.swift */; };
		9DDBBD09CCE05C0221DBA198 /* Pods_Wayback_Machine.framework in Frameworks */ = {isa = PBXBuildFile; fileRef = EB596902556784B78624D76F /* Pods_Wayback_Machine.framework */; };
		B087815C4B750783FAFCF6D0 /* Pods_Wayback_MachineTests.framework in Frameworks */ = {isa = PBXBuildFile; fileRef = 6758A322BB636E0C492B6393 /* Pods_Wayback_MachineTests.framework */; };
		C33C34A923D3E9EA00A214FB /* toolbar-item-icon.pdf in Resources */ = {isa = PBXBuildFile; fileRef = C33C34A823D3E9EA00A214FB /* toolbar-item-icon.pdf */; };
		C38D18CC215EE6E600E95389 /* AppDelegate.swift in Sources */ = {isa = PBXBuildFile; fileRef = C38D18CB215EE6E600E95389 /* AppDelegate.swift */; };
		C38D18CE215EE6E600E95389 /* WMMainVC.swift in Sources */ = {isa = PBXBuildFile; fileRef = C38D18CD215EE6E600E95389 /* WMMainVC.swift */; };
		C38D18D0215EE6E700E95389 /* Assets.xcassets in Resources */ = {isa = PBXBuildFile; fileRef = C38D18CF215EE6E700E95389 /* Assets.xcassets */; };
		C38D18D3215EE6E700E95389 /* Main.storyboard in Resources */ = {isa = PBXBuildFile; fileRef = C38D18D1215EE6E700E95389 /* Main.storyboard */; };
		C38D18DF215EE6E700E95389 /* Wayback_MachineTests.swift in Sources */ = {isa = PBXBuildFile; fileRef = C38D18DE215EE6E700E95389 /* Wayback_MachineTests.swift */; };
		C38D18F0215EE78D00E95389 /* Cocoa.framework in Frameworks */ = {isa = PBXBuildFile; fileRef = C38D18EF215EE78D00E95389 /* Cocoa.framework */; };
		C38D18F3215EE78D00E95389 /* SafariExtensionHandler.swift in Sources */ = {isa = PBXBuildFile; fileRef = C38D18F2215EE78D00E95389 /* SafariExtensionHandler.swift */; };
		C38D18F5215EE78D00E95389 /* WMEMainVC.swift in Sources */ = {isa = PBXBuildFile; fileRef = C38D18F4215EE78D00E95389 /* WMEMainVC.swift */; };
		C38D18FB215EE78D00E95389 /* script.js in Resources */ = {isa = PBXBuildFile; fileRef = C38D18FA215EE78D00E95389 /* script.js */; };
		C38D1901215EE78D00E95389 /* Wayback Machine Extension.appex in Embed App Extensions */ = {isa = PBXBuildFile; fileRef = C38D18ED215EE78D00E95389 /* Wayback Machine Extension.appex */; settings = {ATTRIBUTES = (RemoveHeadersOnCopy, ); }; };
		C38D191A215EF59100E95389 /* WMBaseVC.swift in Sources */ = {isa = PBXBuildFile; fileRef = C38D1919215EF59100E95389 /* WMBaseVC.swift */; };
		C3A7CF3C23E18C4E004DD308 /* WMSAPIManager.swift in Sources */ = {isa = PBXBuildFile; fileRef = C3A7CF3B23E18C4E004DD308 /* WMSAPIManager.swift */; };
/* End PBXBuildFile section */

/* Begin PBXContainerItemProxy section */
		C38D18DB215EE6E700E95389 /* PBXContainerItemProxy */ = {
			isa = PBXContainerItemProxy;
			containerPortal = C38D18C0215EE6E600E95389 /* Project object */;
			proxyType = 1;
			remoteGlobalIDString = C38D18C7215EE6E600E95389;
			remoteInfo = "Wayback Machine";
		};
		C38D18FF215EE78D00E95389 /* PBXContainerItemProxy */ = {
			isa = PBXContainerItemProxy;
			containerPortal = C38D18C0215EE6E600E95389 /* Project object */;
			proxyType = 1;
			remoteGlobalIDString = C38D18EC215EE78D00E95389;
			remoteInfo = "Wayback Machine Extension";
		};
/* End PBXContainerItemProxy section */

/* Begin PBXCopyFilesBuildPhase section */
		C38D1905215EE78D00E95389 /* Embed App Extensions */ = {
			isa = PBXCopyFilesBuildPhase;
			buildActionMask = 2147483647;
			dstPath = "";
			dstSubfolderSpec = 13;
			files = (
				C38D1901215EE78D00E95389 /* Wayback Machine Extension.appex in Embed App Extensions */,
			);
			name = "Embed App Extensions";
			runOnlyForDeploymentPostprocessing = 0;
		};
/* End PBXCopyFilesBuildPhase section */

/* Begin PBXFileReference section */
		50B36A2ACD6F209093A7F65A /* Pods-Wayback Machine.release.xcconfig */ = {isa = PBXFileReference; includeInIndex = 1; lastKnownFileType = text.xcconfig; name = "Pods-Wayback Machine.release.xcconfig"; path = "Pods/Target Support Files/Pods-Wayback Machine/Pods-Wayback Machine.release.xcconfig"; sourceTree = "<group>"; };
		6758A322BB636E0C492B6393 /* Pods_Wayback_MachineTests.framework */ = {isa = PBXFileReference; explicitFileType = wrapper.framework; includeInIndex = 0; path = Pods_Wayback_MachineTests.framework; sourceTree = BUILT_PRODUCTS_DIR; };
		7C6E258152BB1339A97A1D58 /* Pods-Wayback MachineTests.debug.xcconfig */ = {isa = PBXFileReference; includeInIndex = 1; lastKnownFileType = text.xcconfig; name = "Pods-Wayback MachineTests.debug.xcconfig"; path = "Pods/Target Support Files/Pods-Wayback MachineTests/Pods-Wayback MachineTests.debug.xcconfig"; sourceTree = "<group>"; };
		7D4980ACE5D8CECEA5094051 /* Pods-Wayback MachineTests.release.xcconfig */ = {isa = PBXFileReference; includeInIndex = 1; lastKnownFileType = text.xcconfig; name = "Pods-Wayback MachineTests.release.xcconfig"; path = "Pods/Target Support Files/Pods-Wayback MachineTests/Pods-Wayback MachineTests.release.xcconfig"; sourceTree = "<group>"; };
		840C191A22AF834600B6C67E /* WMEUtil.swift */ = {isa = PBXFileReference; lastKnownFileType = sourcecode.swift; path = WMEUtil.swift; sourceTree = "<group>"; };
		841E733122B0D39100F489E6 /* WMEAboutVC.swift */ = {isa = PBXFileReference; lastKnownFileType = sourcecode.swift; path = WMEAboutVC.swift; sourceTree = "<group>"; };
		841E733222B0D39100F489E6 /* WMEAboutVC.xib */ = {isa = PBXFileReference; lastKnownFileType = file.xib; path = WMEAboutVC.xib; sourceTree = "<group>"; };
		846C82D022EFEA4400A13F62 /* car.gif */ = {isa = PBXFileReference; lastKnownFileType = image.gif; path = car.gif; sourceTree = "<group>"; };
		846C82D122EFEA4400A13F62 /* close.svg */ = {isa = PBXFileReference; fileEncoding = 4; lastKnownFileType = text; path = close.svg; sourceTree = "<group>"; };
		8476247022C3DCCD00E8ADD8 /* d3.min.js */ = {isa = PBXFileReference; fileEncoding = 4; lastKnownFileType = sourcecode.javascript; path = d3.min.js; sourceTree = "<group>"; };
		8476247522C3E3C500E8ADD8 /* sequences.css */ = {isa = PBXFileReference; fileEncoding = 4; lastKnownFileType = text.css; path = sequences.css; sourceTree = "<group>"; };
		8476247722C3E3C500E8ADD8 /* RTContent.css */ = {isa = PBXFileReference; fileEncoding = 4; lastKnownFileType = text.css; path = RTContent.css; sourceTree = "<group>"; };
		84781FBA216219F500F8290D /* WMConstants.swift */ = {isa = PBXFileReference; lastKnownFileType = sourcecode.swift; path = WMConstants.swift; sourceTree = "<group>"; };
		84781FBE2162294300F8290D /* WMEBaseVC.swift */ = {isa = PBXFileReference; lastKnownFileType = sourcecode.swift; path = WMEBaseVC.swift; sourceTree = "<group>"; };
		8492AD9C22D21F80004EAEA4 /* WMELoginVC.swift */ = {isa = PBXFileReference; lastKnownFileType = sourcecode.swift; path = WMELoginVC.swift; sourceTree = "<group>"; };
		8492AD9D22D21F80004EAEA4 /* WMELoginVC.xib */ = {isa = PBXFileReference; lastKnownFileType = file.xib; path = WMELoginVC.xib; sourceTree = "<group>"; };
		8492ADA022D21FC5004EAEA4 /* WMEMainVC.xib */ = {isa = PBXFileReference; fileEncoding = 4; lastKnownFileType = file.xib; path = WMEMainVC.xib; sourceTree = "<group>"; };
		8492ADA222D2BF1E004EAEA4 /* WMEGlobal.swift */ = {isa = PBXFileReference; lastKnownFileType = sourcecode.swift; path = WMEGlobal.swift; sourceTree = "<group>"; };
		849D0F112309D6AB0004E080 /* Wayback Machine.entitlements */ = {isa = PBXFileReference; lastKnownFileType = text.plist.entitlements; path = "Wayback Machine.entitlements"; sourceTree = "<group>"; };
		84F2843C22AB0E55006E260A /* NSViewExtensions.swift */ = {isa = PBXFileReference; lastKnownFileType = sourcecode.swift; path = NSViewExtensions.swift; sourceTree = "<group>"; };
		8865BE4CB6E14B950A1CC51C /* Pods_Wayback_Machine_Extension.framework */ = {isa = PBXFileReference; explicitFileType = wrapper.framework; includeInIndex = 0; path = Pods_Wayback_Machine_Extension.framework; sourceTree = BUILT_PRODUCTS_DIR; };
		94ED460EDB0D0C2C788B3241 /* Pods-Wayback Machine Extension.release.xcconfig */ = {isa = PBXFileReference; includeInIndex = 1; lastKnownFileType = text.xcconfig; name = "Pods-Wayback Machine Extension.release.xcconfig"; path = "Pods/Target Support Files/Pods-Wayback Machine Extension/Pods-Wayback Machine Extension.release.xcconfig"; sourceTree = "<group>"; };
		AD2530D724188BF4AC645F1D /* Pods-Wayback Machine.debug.xcconfig */ = {isa = PBXFileReference; includeInIndex = 1; lastKnownFileType = text.xcconfig; name = "Pods-Wayback Machine.debug.xcconfig"; path = "Pods/Target Support Files/Pods-Wayback Machine/Pods-Wayback Machine.debug.xcconfig"; sourceTree = "<group>"; };
		B2815BA1B831F9C055B78FBB /* Pods-Wayback Machine Extension.debug.xcconfig */ = {isa = PBXFileReference; includeInIndex = 1; lastKnownFileType = text.xcconfig; name = "Pods-Wayback Machine Extension.debug.xcconfig"; path = "Pods/Target Support Files/Pods-Wayback Machine Extension/Pods-Wayback Machine Extension.debug.xcconfig"; sourceTree = "<group>"; };
		C33C34A823D3E9EA00A214FB /* toolbar-item-icon.pdf */ = {isa = PBXFileReference; lastKnownFileType = image.pdf; path = "toolbar-item-icon.pdf"; sourceTree = "<group>"; };
		C38D18C8215EE6E600E95389 /* Wayback Machine.app */ = {isa = PBXFileReference; explicitFileType = wrapper.application; includeInIndex = 0; path = "Wayback Machine.app"; sourceTree = BUILT_PRODUCTS_DIR; };
		C38D18CB215EE6E600E95389 /* AppDelegate.swift */ = {isa = PBXFileReference; lastKnownFileType = sourcecode.swift; path = AppDelegate.swift; sourceTree = "<group>"; };
		C38D18CD215EE6E600E95389 /* WMMainVC.swift */ = {isa = PBXFileReference; lastKnownFileType = sourcecode.swift; path = WMMainVC.swift; sourceTree = "<group>"; };
		C38D18CF215EE6E700E95389 /* Assets.xcassets */ = {isa = PBXFileReference; lastKnownFileType = folder.assetcatalog; path = Assets.xcassets; sourceTree = "<group>"; };
		C38D18D2215EE6E700E95389 /* Base */ = {isa = PBXFileReference; lastKnownFileType = file.storyboard; name = Base; path = Base.lproj/Main.storyboard; sourceTree = "<group>"; };
		C38D18D4215EE6E700E95389 /* Info.plist */ = {isa = PBXFileReference; lastKnownFileType = text.plist.xml; path = Info.plist; sourceTree = "<group>"; };
		C38D18D5215EE6E700E95389 /* Wayback_Machine.entitlements */ = {isa = PBXFileReference; lastKnownFileType = text.plist.entitlements; path = Wayback_Machine.entitlements; sourceTree = "<group>"; };
		C38D18DA215EE6E700E95389 /* Wayback MachineTests.xctest */ = {isa = PBXFileReference; explicitFileType = wrapper.cfbundle; includeInIndex = 0; path = "Wayback MachineTests.xctest"; sourceTree = BUILT_PRODUCTS_DIR; };
		C38D18DE215EE6E700E95389 /* Wayback_MachineTests.swift */ = {isa = PBXFileReference; lastKnownFileType = sourcecode.swift; path = Wayback_MachineTests.swift; sourceTree = "<group>"; };
		C38D18E0215EE6E700E95389 /* Info.plist */ = {isa = PBXFileReference; lastKnownFileType = text.plist.xml; path = Info.plist; sourceTree = "<group>"; };
		C38D18ED215EE78D00E95389 /* Wayback Machine Extension.appex */ = {isa = PBXFileReference; explicitFileType = "wrapper.app-extension"; includeInIndex = 0; path = "Wayback Machine Extension.appex"; sourceTree = BUILT_PRODUCTS_DIR; };
		C38D18EF215EE78D00E95389 /* Cocoa.framework */ = {isa = PBXFileReference; lastKnownFileType = wrapper.framework; name = Cocoa.framework; path = System/Library/Frameworks/Cocoa.framework; sourceTree = SDKROOT; };
		C38D18F2215EE78D00E95389 /* SafariExtensionHandler.swift */ = {isa = PBXFileReference; lastKnownFileType = sourcecode.swift; path = SafariExtensionHandler.swift; sourceTree = "<group>"; };
		C38D18F4215EE78D00E95389 /* WMEMainVC.swift */ = {isa = PBXFileReference; lastKnownFileType = sourcecode.swift; path = WMEMainVC.swift; sourceTree = "<group>"; };
		C38D18F9215EE78D00E95389 /* Info.plist */ = {isa = PBXFileReference; lastKnownFileType = text.plist.xml; path = Info.plist; sourceTree = "<group>"; };
		C38D18FA215EE78D00E95389 /* script.js */ = {isa = PBXFileReference; lastKnownFileType = sourcecode.javascript; path = script.js; sourceTree = "<group>"; };
		C38D18FE215EE78D00E95389 /* Wayback_Machine_Extension.entitlements */ = {isa = PBXFileReference; lastKnownFileType = text.plist.entitlements; path = Wayback_Machine_Extension.entitlements; sourceTree = "<group>"; };
		C38D1913215EE8BE00E95389 /* Wayback Machine Extension.entitlements */ = {isa = PBXFileReference; lastKnownFileType = text.plist.entitlements; path = "Wayback Machine Extension.entitlements"; sourceTree = "<group>"; };
		C38D1919215EF59100E95389 /* WMBaseVC.swift */ = {isa = PBXFileReference; lastKnownFileType = sourcecode.swift; path = WMBaseVC.swift; sourceTree = "<group>"; };
		C3A7CF3B23E18C4E004DD308 /* WMSAPIManager.swift */ = {isa = PBXFileReference; indentWidth = 4; lastKnownFileType = sourcecode.swift; path = WMSAPIManager.swift; sourceTree = "<group>"; tabWidth = 4; };
		EB596902556784B78624D76F /* Pods_Wayback_Machine.framework */ = {isa = PBXFileReference; explicitFileType = wrapper.framework; includeInIndex = 0; path = Pods_Wayback_Machine.framework; sourceTree = BUILT_PRODUCTS_DIR; };
/* End PBXFileReference section */

/* Begin PBXFrameworksBuildPhase section */
		C38D18C5215EE6E600E95389 /* Frameworks */ = {
			isa = PBXFrameworksBuildPhase;
			buildActionMask = 2147483647;
			files = (
				9DDBBD09CCE05C0221DBA198 /* Pods_Wayback_Machine.framework in Frameworks */,
			);
			runOnlyForDeploymentPostprocessing = 0;
		};
		C38D18D7215EE6E700E95389 /* Frameworks */ = {
			isa = PBXFrameworksBuildPhase;
			buildActionMask = 2147483647;
			files = (
				B087815C4B750783FAFCF6D0 /* Pods_Wayback_MachineTests.framework in Frameworks */,
			);
			runOnlyForDeploymentPostprocessing = 0;
		};
		C38D18EA215EE78D00E95389 /* Frameworks */ = {
			isa = PBXFrameworksBuildPhase;
			buildActionMask = 2147483647;
			files = (
				C38D18F0215EE78D00E95389 /* Cocoa.framework in Frameworks */,
				53884A628D91C43EBDCF64A1 /* Pods_Wayback_Machine_Extension.framework in Frameworks */,
			);
			runOnlyForDeploymentPostprocessing = 0;
		};
/* End PBXFrameworksBuildPhase section */

/* Begin PBXGroup section */
		6372C1701AC457A25196C5DC /* Pods */ = {
			isa = PBXGroup;
			children = (
				AD2530D724188BF4AC645F1D /* Pods-Wayback Machine.debug.xcconfig */,
				50B36A2ACD6F209093A7F65A /* Pods-Wayback Machine.release.xcconfig */,
				B2815BA1B831F9C055B78FBB /* Pods-Wayback Machine Extension.debug.xcconfig */,
				94ED460EDB0D0C2C788B3241 /* Pods-Wayback Machine Extension.release.xcconfig */,
				7C6E258152BB1339A97A1D58 /* Pods-Wayback MachineTests.debug.xcconfig */,
				7D4980ACE5D8CECEA5094051 /* Pods-Wayback MachineTests.release.xcconfig */,
			);
			name = Pods;
			sourceTree = "<group>";
		};
		846C82CF22EFEA4400A13F62 /* Image */ = {
			isa = PBXGroup;
			children = (
				846C82D022EFEA4400A13F62 /* car.gif */,
				846C82D122EFEA4400A13F62 /* close.svg */,
			);
			path = Image;
			sourceTree = "<group>";
		};
		8476247222C3E37B00E8ADD8 /* Resources */ = {
			isa = PBXGroup;
			children = (
				846C82CF22EFEA4400A13F62 /* Image */,
				8476247422C3E39200E8ADD8 /* StyleSheet */,
				8476247322C3E38500E8ADD8 /* Javascript */,
			);
			path = Resources;
			sourceTree = "<group>";
		};
		8476247322C3E38500E8ADD8 /* Javascript */ = {
			isa = PBXGroup;
			children = (
				8476247022C3DCCD00E8ADD8 /* d3.min.js */,
				C38D18FA215EE78D00E95389 /* script.js */,
			);
			path = Javascript;
			sourceTree = "<group>";
		};
		8476247422C3E39200E8ADD8 /* StyleSheet */ = {
			isa = PBXGroup;
			children = (
				8476247722C3E3C500E8ADD8 /* RTContent.css */,
				8476247522C3E3C500E8ADD8 /* sequences.css */,
			);
			path = StyleSheet;
			sourceTree = "<group>";
		};
		84781FBD2162290200F8290D /* Base */ = {
			isa = PBXGroup;
			children = (
				84781FBE2162294300F8290D /* WMEBaseVC.swift */,
			);
			path = Base;
			sourceTree = "<group>";
		};
		84F2843522AB0DC3006E260A /* Global */ = {
			isa = PBXGroup;
			children = (
				84F2843622AB0DDF006E260A /* Extension */,
				840C191A22AF834600B6C67E /* WMEUtil.swift */,
				8492ADA222D2BF1E004EAEA4 /* WMEGlobal.swift */,
				C3A7CF3B23E18C4E004DD308 /* WMSAPIManager.swift */,
			);
			path = Global;
			sourceTree = "<group>";
		};
		84F2843622AB0DDF006E260A /* Extension */ = {
			isa = PBXGroup;
			children = (
				84F2843C22AB0E55006E260A /* NSViewExtensions.swift */,
			);
			path = Extension;
			sourceTree = "<group>";
		};
		84F2843722AB0DE8006E260A /* Libraries */ = {
			isa = PBXGroup;
			children = (
			);
			path = Libraries;
			sourceTree = "<group>";
		};
		84F2843822AB0DF3006E260A /* Views */ = {
			isa = PBXGroup;
			children = (
				84F2843922AB0E02006E260A /* Base */,
			);
			path = Views;
			sourceTree = "<group>";
		};
		84F2843922AB0E02006E260A /* Base */ = {
			isa = PBXGroup;
			children = (
			);
			path = Base;
			sourceTree = "<group>";
		};
		C38D18BF215EE6E600E95389 = {
			isa = PBXGroup;
			children = (
				C38D18CA215EE6E600E95389 /* Wayback Machine */,
				C38D18DD215EE6E700E95389 /* Wayback MachineTests */,
				C38D18F1215EE78D00E95389 /* Wayback Machine Extension */,
				C38D18EE215EE78D00E95389 /* Frameworks */,
				C38D18C9215EE6E600E95389 /* Products */,
				6372C1701AC457A25196C5DC /* Pods */,
			);
			sourceTree = "<group>";
		};
		C38D18C9215EE6E600E95389 /* Products */ = {
			isa = PBXGroup;
			children = (
				C38D18C8215EE6E600E95389 /* Wayback Machine.app */,
				C38D18DA215EE6E700E95389 /* Wayback MachineTests.xctest */,
				C38D18ED215EE78D00E95389 /* Wayback Machine Extension.appex */,
			);
			name = Products;
			sourceTree = "<group>";
		};
		C38D18CA215EE6E600E95389 /* Wayback Machine */ = {
			isa = PBXGroup;
			children = (
				849D0F112309D6AB0004E080 /* Wayback Machine.entitlements */,
				C38D18CB215EE6E600E95389 /* AppDelegate.swift */,
				C38D1906215EE85200E95389 /* Classes */,
				C38D190D215EE86800E95389 /* Resources */,
				C38D18CF215EE6E700E95389 /* Assets.xcassets */,
				C38D18D1215EE6E700E95389 /* Main.storyboard */,
				C38D18D4215EE6E700E95389 /* Info.plist */,
				C38D18D5215EE6E700E95389 /* Wayback_Machine.entitlements */,
			);
			path = "Wayback Machine";
			sourceTree = "<group>";
		};
		C38D18DD215EE6E700E95389 /* Wayback MachineTests */ = {
			isa = PBXGroup;
			children = (
				C38D18DE215EE6E700E95389 /* Wayback_MachineTests.swift */,
				C38D18E0215EE6E700E95389 /* Info.plist */,
			);
			path = "Wayback MachineTests";
			sourceTree = "<group>";
		};
		C38D18EE215EE78D00E95389 /* Frameworks */ = {
			isa = PBXGroup;
			children = (
				C38D18EF215EE78D00E95389 /* Cocoa.framework */,
				EB596902556784B78624D76F /* Pods_Wayback_Machine.framework */,
				8865BE4CB6E14B950A1CC51C /* Pods_Wayback_Machine_Extension.framework */,
				6758A322BB636E0C492B6393 /* Pods_Wayback_MachineTests.framework */,
			);
			name = Frameworks;
			sourceTree = "<group>";
		};
		C38D18F1215EE78D00E95389 /* Wayback Machine Extension */ = {
			isa = PBXGroup;
			children = (
				C38D1913215EE8BE00E95389 /* Wayback Machine Extension.entitlements */,
				C38D18F2215EE78D00E95389 /* SafariExtensionHandler.swift */,
				C38D1911215EE8A300E95389 /* Classes */,
				8476247222C3E37B00E8ADD8 /* Resources */,
				C38D18F9215EE78D00E95389 /* Info.plist */,
				C33C34A823D3E9EA00A214FB /* toolbar-item-icon.pdf */,
				C38D18FE215EE78D00E95389 /* Wayback_Machine_Extension.entitlements */,
			);
			path = "Wayback Machine Extension";
			sourceTree = "<group>";
		};
		C38D1906215EE85200E95389 /* Classes */ = {
			isa = PBXGroup;
			children = (
				C38D1907215EE85200E95389 /* Global */,
				C38D1908215EE85200E95389 /* Libraries */,
				C38D1909215EE85200E95389 /* Models */,
				C38D190A215EE85200E95389 /* ViewControllers */,
				C38D190B215EE85200E95389 /* Views */,
				C38D190C215EE85200E95389 /* WindowControllers */,
			);
			path = Classes;
			sourceTree = "<group>";
		};
		C38D1907215EE85200E95389 /* Global */ = {
			isa = PBXGroup;
			children = (
				C38D1914215EF50100E95389 /* Extension */,
				84781FBA216219F500F8290D /* WMConstants.swift */,
			);
			path = Global;
			sourceTree = "<group>";
		};
		C38D1908215EE85200E95389 /* Libraries */ = {
			isa = PBXGroup;
			children = (
			);
			path = Libraries;
			sourceTree = "<group>";
		};
		C38D1909215EE85200E95389 /* Models */ = {
			isa = PBXGroup;
			children = (
				C38D1915215EF51D00E95389 /* Base */,
			);
			path = Models;
			sourceTree = "<group>";
		};
		C38D190A215EE85200E95389 /* ViewControllers */ = {
			isa = PBXGroup;
			children = (
				C38D1916215EF52700E95389 /* Base */,
				C38D18CD215EE6E600E95389 /* WMMainVC.swift */,
			);
			path = ViewControllers;
			sourceTree = "<group>";
		};
		C38D190B215EE85200E95389 /* Views */ = {
			isa = PBXGroup;
			children = (
				C38D1917215EF53200E95389 /* Base */,
			);
			path = Views;
			sourceTree = "<group>";
		};
		C38D190C215EE85200E95389 /* WindowControllers */ = {
			isa = PBXGroup;
			children = (
				C38D1918215EF53C00E95389 /* Base */,
			);
			path = WindowControllers;
			sourceTree = "<group>";
		};
		C38D190D215EE86800E95389 /* Resources */ = {
			isa = PBXGroup;
			children = (
				C38D190E215EE86800E95389 /* Data */,
				C38D190F215EE86800E95389 /* Fonts */,
				C38D1910215EE86800E95389 /* Sounds */,
			);
			path = Resources;
			sourceTree = "<group>";
		};
		C38D190E215EE86800E95389 /* Data */ = {
			isa = PBXGroup;
			children = (
			);
			path = Data;
			sourceTree = "<group>";
		};
		C38D190F215EE86800E95389 /* Fonts */ = {
			isa = PBXGroup;
			children = (
			);
			path = Fonts;
			sourceTree = "<group>";
		};
		C38D1910215EE86800E95389 /* Sounds */ = {
			isa = PBXGroup;
			children = (
			);
			path = Sounds;
			sourceTree = "<group>";
		};
		C38D1911215EE8A300E95389 /* Classes */ = {
			isa = PBXGroup;
			children = (
				84F2843822AB0DF3006E260A /* Views */,
				84F2843722AB0DE8006E260A /* Libraries */,
				84F2843522AB0DC3006E260A /* Global */,
				C38D1912215EE8A300E95389 /* ViewControllers */,
			);
			path = Classes;
			sourceTree = "<group>";
		};
		C38D1912215EE8A300E95389 /* ViewControllers */ = {
			isa = PBXGroup;
			children = (
				84781FBD2162290200F8290D /* Base */,
				C38D18F4215EE78D00E95389 /* WMEMainVC.swift */,
				8492ADA022D21FC5004EAEA4 /* WMEMainVC.xib */,
				841E733122B0D39100F489E6 /* WMEAboutVC.swift */,
				841E733222B0D39100F489E6 /* WMEAboutVC.xib */,
				8492AD9C22D21F80004EAEA4 /* WMELoginVC.swift */,
				8492AD9D22D21F80004EAEA4 /* WMELoginVC.xib */,
			);
			path = ViewControllers;
			sourceTree = "<group>";
		};
		C38D1914215EF50100E95389 /* Extension */ = {
			isa = PBXGroup;
			children = (
			);
			path = Extension;
			sourceTree = "<group>";
		};
		C38D1915215EF51D00E95389 /* Base */ = {
			isa = PBXGroup;
			children = (
			);
			path = Base;
			sourceTree = "<group>";
		};
		C38D1916215EF52700E95389 /* Base */ = {
			isa = PBXGroup;
			children = (
				C38D1919215EF59100E95389 /* WMBaseVC.swift */,
			);
			path = Base;
			sourceTree = "<group>";
		};
		C38D1917215EF53200E95389 /* Base */ = {
			isa = PBXGroup;
			children = (
			);
			path = Base;
			sourceTree = "<group>";
		};
		C38D1918215EF53C00E95389 /* Base */ = {
			isa = PBXGroup;
			children = (
			);
			path = Base;
			sourceTree = "<group>";
		};
/* End PBXGroup section */

/* Begin PBXNativeTarget section */
		C38D18C7215EE6E600E95389 /* Wayback Machine */ = {
			isa = PBXNativeTarget;
			buildConfigurationList = C38D18E3215EE6E700E95389 /* Build configuration list for PBXNativeTarget "Wayback Machine" */;
			buildPhases = (
				404EBD03992C173958DBB421 /* [CP] Check Pods Manifest.lock */,
				C38D18C4215EE6E600E95389 /* Sources */,
				C38D18C5215EE6E600E95389 /* Frameworks */,
				C38D18C6215EE6E600E95389 /* Resources */,
				C38D1905215EE78D00E95389 /* Embed App Extensions */,
				FE6AB579A27966A227316AB7 /* [CP] Embed Pods Frameworks */,
			);
			buildRules = (
			);
			dependencies = (
				C38D1900215EE78D00E95389 /* PBXTargetDependency */,
			);
			name = "Wayback Machine";
			productName = "Wayback Machine";
			productReference = C38D18C8215EE6E600E95389 /* Wayback Machine.app */;
			productType = "com.apple.product-type.application";
		};
		C38D18D9215EE6E700E95389 /* Wayback MachineTests */ = {
			isa = PBXNativeTarget;
			buildConfigurationList = C38D18E6215EE6E700E95389 /* Build configuration list for PBXNativeTarget "Wayback MachineTests" */;
			buildPhases = (
				9E0CEC491A6AA8F154A7D917 /* [CP] Check Pods Manifest.lock */,
				C38D18D6215EE6E700E95389 /* Sources */,
				C38D18D7215EE6E700E95389 /* Frameworks */,
				C38D18D8215EE6E700E95389 /* Resources */,
			);
			buildRules = (
			);
			dependencies = (
				C38D18DC215EE6E700E95389 /* PBXTargetDependency */,
			);
			name = "Wayback MachineTests";
			productName = "Wayback MachineTests";
			productReference = C38D18DA215EE6E700E95389 /* Wayback MachineTests.xctest */;
			productType = "com.apple.product-type.bundle.unit-test";
		};
		C38D18EC215EE78D00E95389 /* Wayback Machine Extension */ = {
			isa = PBXNativeTarget;
			buildConfigurationList = C38D1902215EE78D00E95389 /* Build configuration list for PBXNativeTarget "Wayback Machine Extension" */;
			buildPhases = (
				6665E90C78E8EECB8FB378AD /* [CP] Check Pods Manifest.lock */,
				C38D18E9215EE78D00E95389 /* Sources */,
				C38D18EA215EE78D00E95389 /* Frameworks */,
				C38D18EB215EE78D00E95389 /* Resources */,
			);
			buildRules = (
			);
			dependencies = (
			);
			name = "Wayback Machine Extension";
			productName = "Wayback Machine Extension";
			productReference = C38D18ED215EE78D00E95389 /* Wayback Machine Extension.appex */;
			productType = "com.apple.product-type.app-extension";
		};
/* End PBXNativeTarget section */

/* Begin PBXProject section */
		C38D18C0215EE6E600E95389 /* Project object */ = {
			isa = PBXProject;
			attributes = {
				LastSwiftUpdateCheck = 1000;
				LastUpgradeCheck = 1000;
				TargetAttributes = {
					C38D18C7215EE6E600E95389 = {
						CreatedOnToolsVersion = 10.0;
						LastSwiftMigration = 1030;
						SystemCapabilities = {
							com.apple.Sandbox = {
								enabled = 1;
							};
						};
					};
					C38D18D9215EE6E700E95389 = {
						CreatedOnToolsVersion = 10.0;
						LastSwiftMigration = 1030;
						TestTargetID = C38D18C7215EE6E600E95389;
					};
					C38D18EC215EE78D00E95389 = {
						CreatedOnToolsVersion = 10.0;
						LastSwiftMigration = 1030;
						SystemCapabilities = {
							com.apple.Sandbox = {
								enabled = 1;
							};
						};
					};
				};
			};
			buildConfigurationList = C38D18C3215EE6E600E95389 /* Build configuration list for PBXProject "Wayback Machine" */;
			compatibilityVersion = "Xcode 9.3";
			developmentRegion = en;
			hasScannedForEncodings = 0;
			knownRegions = (
				en,
				Base,
			);
			mainGroup = C38D18BF215EE6E600E95389;
			productRefGroup = C38D18C9215EE6E600E95389 /* Products */;
			projectDirPath = "";
			projectRoot = "";
			targets = (
				C38D18C7215EE6E600E95389 /* Wayback Machine */,
				C38D18D9215EE6E700E95389 /* Wayback MachineTests */,
				C38D18EC215EE78D00E95389 /* Wayback Machine Extension */,
			);
		};
/* End PBXProject section */

/* Begin PBXResourcesBuildPhase section */
		C38D18C6215EE6E600E95389 /* Resources */ = {
			isa = PBXResourcesBuildPhase;
			buildActionMask = 2147483647;
			files = (
				C38D18D0215EE6E700E95389 /* Assets.xcassets in Resources */,
				C38D18D3215EE6E700E95389 /* Main.storyboard in Resources */,
			);
			runOnlyForDeploymentPostprocessing = 0;
		};
		C38D18D8215EE6E700E95389 /* Resources */ = {
			isa = PBXResourcesBuildPhase;
			buildActionMask = 2147483647;
			files = (
			);
			runOnlyForDeploymentPostprocessing = 0;
		};
		C38D18EB215EE78D00E95389 /* Resources */ = {
			isa = PBXResourcesBuildPhase;
			buildActionMask = 2147483647;
			files = (
				C33C34A923D3E9EA00A214FB /* toolbar-item-icon.pdf in Resources */,
				84781FB92162186700F8290D /* Assets.xcassets in Resources */,
				8476247122C3DCCD00E8ADD8 /* d3.min.js in Resources */,
				841E733422B0D39100F489E6 /* WMEAboutVC.xib in Resources */,
				8492ADA122D21FC5004EAEA4 /* WMEMainVC.xib in Resources */,
				8492AD9F22D21F80004EAEA4 /* WMELoginVC.xib in Resources */,
				8476247A22C3E3C500E8ADD8 /* RTContent.css in Resources */,
				846C82D222EFEA4400A13F62 /* car.gif in Resources */,
				846C82D322EFEA4400A13F62 /* close.svg in Resources */,
				8476247822C3E3C500E8ADD8 /* sequences.css in Resources */,
				C38D18FB215EE78D00E95389 /* script.js in Resources */,
			);
			runOnlyForDeploymentPostprocessing = 0;
		};
/* End PBXResourcesBuildPhase section */

/* Begin PBXShellScriptBuildPhase section */
		404EBD03992C173958DBB421 /* [CP] Check Pods Manifest.lock */ = {
			isa = PBXShellScriptBuildPhase;
			buildActionMask = 2147483647;
			files = (
			);
			inputFileListPaths = (
			);
			inputPaths = (
				"${PODS_PODFILE_DIR_PATH}/Podfile.lock",
				"${PODS_ROOT}/Manifest.lock",
			);
			name = "[CP] Check Pods Manifest.lock";
			outputFileListPaths = (
			);
			outputPaths = (
				"$(DERIVED_FILE_DIR)/Pods-Wayback Machine-checkManifestLockResult.txt",
			);
			runOnlyForDeploymentPostprocessing = 0;
			shellPath = /bin/sh;
			shellScript = "diff \"${PODS_PODFILE_DIR_PATH}/Podfile.lock\" \"${PODS_ROOT}/Manifest.lock\" > /dev/null\nif [ $? != 0 ] ; then\n    # print error to STDERR\n    echo \"error: The sandbox is not in sync with the Podfile.lock. Run 'pod install' or update your CocoaPods installation.\" >&2\n    exit 1\nfi\n# This output is used by Xcode 'outputs' to avoid re-running this script phase.\necho \"SUCCESS\" > \"${SCRIPT_OUTPUT_FILE_0}\"\n";
			showEnvVarsInLog = 0;
		};
		6665E90C78E8EECB8FB378AD /* [CP] Check Pods Manifest.lock */ = {
			isa = PBXShellScriptBuildPhase;
			buildActionMask = 2147483647;
			files = (
			);
			inputFileListPaths = (
			);
			inputPaths = (
				"${PODS_PODFILE_DIR_PATH}/Podfile.lock",
				"${PODS_ROOT}/Manifest.lock",
			);
			name = "[CP] Check Pods Manifest.lock";
			outputFileListPaths = (
			);
			outputPaths = (
				"$(DERIVED_FILE_DIR)/Pods-Wayback Machine Extension-checkManifestLockResult.txt",
			);
			runOnlyForDeploymentPostprocessing = 0;
			shellPath = /bin/sh;
			shellScript = "diff \"${PODS_PODFILE_DIR_PATH}/Podfile.lock\" \"${PODS_ROOT}/Manifest.lock\" > /dev/null\nif [ $? != 0 ] ; then\n    # print error to STDERR\n    echo \"error: The sandbox is not in sync with the Podfile.lock. Run 'pod install' or update your CocoaPods installation.\" >&2\n    exit 1\nfi\n# This output is used by Xcode 'outputs' to avoid re-running this script phase.\necho \"SUCCESS\" > \"${SCRIPT_OUTPUT_FILE_0}\"\n";
			showEnvVarsInLog = 0;
		};
		9E0CEC491A6AA8F154A7D917 /* [CP] Check Pods Manifest.lock */ = {
			isa = PBXShellScriptBuildPhase;
			buildActionMask = 2147483647;
			files = (
			);
			inputFileListPaths = (
			);
			inputPaths = (
				"${PODS_PODFILE_DIR_PATH}/Podfile.lock",
				"${PODS_ROOT}/Manifest.lock",
			);
			name = "[CP] Check Pods Manifest.lock";
			outputFileListPaths = (
			);
			outputPaths = (
				"$(DERIVED_FILE_DIR)/Pods-Wayback MachineTests-checkManifestLockResult.txt",
			);
			runOnlyForDeploymentPostprocessing = 0;
			shellPath = /bin/sh;
			shellScript = "diff \"${PODS_PODFILE_DIR_PATH}/Podfile.lock\" \"${PODS_ROOT}/Manifest.lock\" > /dev/null\nif [ $? != 0 ] ; then\n    # print error to STDERR\n    echo \"error: The sandbox is not in sync with the Podfile.lock. Run 'pod install' or update your CocoaPods installation.\" >&2\n    exit 1\nfi\n# This output is used by Xcode 'outputs' to avoid re-running this script phase.\necho \"SUCCESS\" > \"${SCRIPT_OUTPUT_FILE_0}\"\n";
			showEnvVarsInLog = 0;
		};
		FE6AB579A27966A227316AB7 /* [CP] Embed Pods Frameworks */ = {
			isa = PBXShellScriptBuildPhase;
			buildActionMask = 2147483647;
			files = (
			);
			inputFileListPaths = (
				"${PODS_ROOT}/Target Support Files/Pods-Wayback Machine/Pods-Wayback Machine-frameworks-${CONFIGURATION}-input-files.xcfilelist",
			);
			name = "[CP] Embed Pods Frameworks";
			outputFileListPaths = (
				"${PODS_ROOT}/Target Support Files/Pods-Wayback Machine/Pods-Wayback Machine-frameworks-${CONFIGURATION}-output-files.xcfilelist",
			);
			runOnlyForDeploymentPostprocessing = 0;
			shellPath = /bin/sh;
			shellScript = "\"${PODS_ROOT}/Target Support Files/Pods-Wayback Machine/Pods-Wayback Machine-frameworks.sh\"\n";
			showEnvVarsInLog = 0;
		};
/* End PBXShellScriptBuildPhase section */

/* Begin PBXSourcesBuildPhase section */
		C38D18C4215EE6E600E95389 /* Sources */ = {
			isa = PBXSourcesBuildPhase;
			buildActionMask = 2147483647;
			files = (
				C38D18CE215EE6E600E95389 /* WMMainVC.swift in Sources */,
				84F2843E22AB0F68006E260A /* NSViewExtensions.swift in Sources */,
				84781FBB216219F500F8290D /* WMConstants.swift in Sources */,
				C38D18CC215EE6E600E95389 /* AppDelegate.swift in Sources */,
				C38D191A215EF59100E95389 /* WMBaseVC.swift in Sources */,
			);
			runOnlyForDeploymentPostprocessing = 0;
		};
		C38D18D6215EE6E700E95389 /* Sources */ = {
			isa = PBXSourcesBuildPhase;
			buildActionMask = 2147483647;
			files = (
				C38D18DF215EE6E700E95389 /* Wayback_MachineTests.swift in Sources */,
			);
			runOnlyForDeploymentPostprocessing = 0;
		};
		C38D18E9215EE78D00E95389 /* Sources */ = {
			isa = PBXSourcesBuildPhase;
			buildActionMask = 2147483647;
			files = (
				C38D18F5215EE78D00E95389 /* WMEMainVC.swift in Sources */,
				C3A7CF3C23E18C4E004DD308 /* WMSAPIManager.swift in Sources */,
				84F2843D22AB0E55006E260A /* NSViewExtensions.swift in Sources */,
				841E733322B0D39100F489E6 /* WMEAboutVC.swift in Sources */,
				840C191B22AF834600B6C67E /* WMEUtil.swift in Sources */,
				8492ADA322D2BF1E004EAEA4 /* WMEGlobal.swift in Sources */,
				84781FBC216219F800F8290D /* WMConstants.swift in Sources */,
				C38D18F3215EE78D00E95389 /* SafariExtensionHandler.swift in Sources */,
				8492AD9E22D21F80004EAEA4 /* WMELoginVC.swift in Sources */,
				84781FBF2162294300F8290D /* WMEBaseVC.swift in Sources */,
			);
			runOnlyForDeploymentPostprocessing = 0;
		};
/* End PBXSourcesBuildPhase section */

/* Begin PBXTargetDependency section */
		C38D18DC215EE6E700E95389 /* PBXTargetDependency */ = {
			isa = PBXTargetDependency;
			target = C38D18C7215EE6E600E95389 /* Wayback Machine */;
			targetProxy = C38D18DB215EE6E700E95389 /* PBXContainerItemProxy */;
		};
		C38D1900215EE78D00E95389 /* PBXTargetDependency */ = {
			isa = PBXTargetDependency;
			target = C38D18EC215EE78D00E95389 /* Wayback Machine Extension */;
			targetProxy = C38D18FF215EE78D00E95389 /* PBXContainerItemProxy */;
		};
/* End PBXTargetDependency section */

/* Begin PBXVariantGroup section */
		C38D18D1215EE6E700E95389 /* Main.storyboard */ = {
			isa = PBXVariantGroup;
			children = (
				C38D18D2215EE6E700E95389 /* Base */,
			);
			name = Main.storyboard;
			sourceTree = "<group>";
		};
/* End PBXVariantGroup section */

/* Begin XCBuildConfiguration section */
		C38D18E1215EE6E700E95389 /* Debug */ = {
			isa = XCBuildConfiguration;
			buildSettings = {
				ALWAYS_SEARCH_USER_PATHS = NO;
				CLANG_ANALYZER_NONNULL = YES;
				CLANG_ANALYZER_NUMBER_OBJECT_CONVERSION = YES_AGGRESSIVE;
				CLANG_CXX_LANGUAGE_STANDARD = "gnu++14";
				CLANG_CXX_LIBRARY = "libc++";
				CLANG_ENABLE_MODULES = YES;
				CLANG_ENABLE_OBJC_ARC = YES;
				CLANG_ENABLE_OBJC_WEAK = YES;
				CLANG_WARN_BLOCK_CAPTURE_AUTORELEASING = YES;
				CLANG_WARN_BOOL_CONVERSION = YES;
				CLANG_WARN_COMMA = YES;
				CLANG_WARN_CONSTANT_CONVERSION = YES;
				CLANG_WARN_DEPRECATED_OBJC_IMPLEMENTATIONS = YES;
				CLANG_WARN_DIRECT_OBJC_ISA_USAGE = YES_ERROR;
				CLANG_WARN_DOCUMENTATION_COMMENTS = YES;
				CLANG_WARN_EMPTY_BODY = YES;
				CLANG_WARN_ENUM_CONVERSION = YES;
				CLANG_WARN_INFINITE_RECURSION = YES;
				CLANG_WARN_INT_CONVERSION = YES;
				CLANG_WARN_NON_LITERAL_NULL_CONVERSION = YES;
				CLANG_WARN_OBJC_IMPLICIT_RETAIN_SELF = YES;
				CLANG_WARN_OBJC_LITERAL_CONVERSION = YES;
				CLANG_WARN_OBJC_ROOT_CLASS = YES_ERROR;
				CLANG_WARN_RANGE_LOOP_ANALYSIS = YES;
				CLANG_WARN_STRICT_PROTOTYPES = YES;
				CLANG_WARN_SUSPICIOUS_MOVE = YES;
				CLANG_WARN_UNGUARDED_AVAILABILITY = YES_AGGRESSIVE;
				CLANG_WARN_UNREACHABLE_CODE = YES;
				CLANG_WARN__DUPLICATE_METHOD_MATCH = YES;
				CODE_SIGN_IDENTITY = "Mac Developer";
				COPY_PHASE_STRIP = NO;
				DEBUG_INFORMATION_FORMAT = dwarf;
				ENABLE_STRICT_OBJC_MSGSEND = YES;
				ENABLE_TESTABILITY = YES;
				GCC_C_LANGUAGE_STANDARD = gnu11;
				GCC_DYNAMIC_NO_PIC = NO;
				GCC_NO_COMMON_BLOCKS = YES;
				GCC_OPTIMIZATION_LEVEL = 0;
				GCC_PREPROCESSOR_DEFINITIONS = (
					"DEBUG=1",
					"$(inherited)",
				);
				GCC_WARN_64_TO_32_BIT_CONVERSION = YES;
				GCC_WARN_ABOUT_RETURN_TYPE = YES_ERROR;
				GCC_WARN_UNDECLARED_SELECTOR = YES;
				GCC_WARN_UNINITIALIZED_AUTOS = YES_AGGRESSIVE;
				GCC_WARN_UNUSED_FUNCTION = YES;
				GCC_WARN_UNUSED_VARIABLE = YES;
				MACOSX_DEPLOYMENT_TARGET = 10.13;
				MTL_ENABLE_DEBUG_INFO = INCLUDE_SOURCE;
				MTL_FAST_MATH = YES;
				ONLY_ACTIVE_ARCH = YES;
				SDKROOT = macosx;
				SWIFT_ACTIVE_COMPILATION_CONDITIONS = DEBUG;
				SWIFT_OPTIMIZATION_LEVEL = "-Onone";
			};
			name = Debug;
		};
		C38D18E2215EE6E700E95389 /* Release */ = {
			isa = XCBuildConfiguration;
			buildSettings = {
				ALWAYS_SEARCH_USER_PATHS = NO;
				CLANG_ANALYZER_NONNULL = YES;
				CLANG_ANALYZER_NUMBER_OBJECT_CONVERSION = YES_AGGRESSIVE;
				CLANG_CXX_LANGUAGE_STANDARD = "gnu++14";
				CLANG_CXX_LIBRARY = "libc++";
				CLANG_ENABLE_MODULES = YES;
				CLANG_ENABLE_OBJC_ARC = YES;
				CLANG_ENABLE_OBJC_WEAK = YES;
				CLANG_WARN_BLOCK_CAPTURE_AUTORELEASING = YES;
				CLANG_WARN_BOOL_CONVERSION = YES;
				CLANG_WARN_COMMA = YES;
				CLANG_WARN_CONSTANT_CONVERSION = YES;
				CLANG_WARN_DEPRECATED_OBJC_IMPLEMENTATIONS = YES;
				CLANG_WARN_DIRECT_OBJC_ISA_USAGE = YES_ERROR;
				CLANG_WARN_DOCUMENTATION_COMMENTS = YES;
				CLANG_WARN_EMPTY_BODY = YES;
				CLANG_WARN_ENUM_CONVERSION = YES;
				CLANG_WARN_INFINITE_RECURSION = YES;
				CLANG_WARN_INT_CONVERSION = YES;
				CLANG_WARN_NON_LITERAL_NULL_CONVERSION = YES;
				CLANG_WARN_OBJC_IMPLICIT_RETAIN_SELF = YES;
				CLANG_WARN_OBJC_LITERAL_CONVERSION = YES;
				CLANG_WARN_OBJC_ROOT_CLASS = YES_ERROR;
				CLANG_WARN_RANGE_LOOP_ANALYSIS = YES;
				CLANG_WARN_STRICT_PROTOTYPES = YES;
				CLANG_WARN_SUSPICIOUS_MOVE = YES;
				CLANG_WARN_UNGUARDED_AVAILABILITY = YES_AGGRESSIVE;
				CLANG_WARN_UNREACHABLE_CODE = YES;
				CLANG_WARN__DUPLICATE_METHOD_MATCH = YES;
				CODE_SIGN_IDENTITY = "Mac Developer";
				COPY_PHASE_STRIP = NO;
				DEBUG_INFORMATION_FORMAT = "dwarf-with-dsym";
				ENABLE_NS_ASSERTIONS = NO;
				ENABLE_STRICT_OBJC_MSGSEND = YES;
				GCC_C_LANGUAGE_STANDARD = gnu11;
				GCC_NO_COMMON_BLOCKS = YES;
				GCC_WARN_64_TO_32_BIT_CONVERSION = YES;
				GCC_WARN_ABOUT_RETURN_TYPE = YES_ERROR;
				GCC_WARN_UNDECLARED_SELECTOR = YES;
				GCC_WARN_UNINITIALIZED_AUTOS = YES_AGGRESSIVE;
				GCC_WARN_UNUSED_FUNCTION = YES;
				GCC_WARN_UNUSED_VARIABLE = YES;
				MACOSX_DEPLOYMENT_TARGET = 10.13;
				MTL_ENABLE_DEBUG_INFO = NO;
				MTL_FAST_MATH = YES;
				SDKROOT = macosx;
				SWIFT_COMPILATION_MODE = wholemodule;
				SWIFT_OPTIMIZATION_LEVEL = "-O";
			};
			name = Release;
		};
		C38D18E4215EE6E700E95389 /* Debug */ = {
			isa = XCBuildConfiguration;
			baseConfigurationReference = AD2530D724188BF4AC645F1D /* Pods-Wayback Machine.debug.xcconfig */;
			buildSettings = {
				ALWAYS_EMBED_SWIFT_STANDARD_LIBRARIES = YES;
				ASSETCATALOG_COMPILER_APPICON_NAME = AppIcon;
				CODE_SIGN_ENTITLEMENTS = "Wayback Machine/Wayback Machine.entitlements";
				CODE_SIGN_IDENTITY = "Mac Developer";
				CODE_SIGN_STYLE = Manual;
				COMBINE_HIDPI_IMAGES = YES;
				CURRENT_PROJECT_VERSION = 13;
				DEVELOPMENT_TEAM = ZSFX78H3ZT;
				INFOPLIST_FILE = "Wayback Machine/Info.plist";
				LD_RUNPATH_SEARCH_PATHS = (
					"$(inherited)",
					"@executable_path/../Frameworks",
				);
				MARKETING_VERSION = 1.3;
				PRODUCT_BUNDLE_IDENTIFIER = archive.org.waybackmachine.mac;
				PRODUCT_NAME = "$(TARGET_NAME)";
				PROVISIONING_PROFILE_SPECIFIER = "";
				SWIFT_VERSION = 5.0;
			};
			name = Debug;
		};
		C38D18E5215EE6E700E95389 /* Release */ = {
			isa = XCBuildConfiguration;
			baseConfigurationReference = 50B36A2ACD6F209093A7F65A /* Pods-Wayback Machine.release.xcconfig */;
			buildSettings = {
				ALWAYS_EMBED_SWIFT_STANDARD_LIBRARIES = YES;
				ASSETCATALOG_COMPILER_APPICON_NAME = AppIcon;
				CODE_SIGN_ENTITLEMENTS = "Wayback Machine/Wayback Machine.entitlements";
				CODE_SIGN_IDENTITY = "3rd Party Mac Developer Application";
				CODE_SIGN_STYLE = Manual;
				COMBINE_HIDPI_IMAGES = YES;
				CURRENT_PROJECT_VERSION = 13;
				DEVELOPMENT_TEAM = ZSFX78H3ZT;
				INFOPLIST_FILE = "Wayback Machine/Info.plist";
				LD_RUNPATH_SEARCH_PATHS = (
					"$(inherited)",
					"@executable_path/../Frameworks",
				);
				MARKETING_VERSION = 1.3;
				PRODUCT_BUNDLE_IDENTIFIER = archive.org.waybackmachine.mac;
				PRODUCT_NAME = "$(TARGET_NAME)";
				PROVISIONING_PROFILE_SPECIFIER = "";
				SWIFT_VERSION = 5.0;
			};
			name = Release;
		};
		C38D18E7215EE6E700E95389 /* Debug */ = {
			isa = XCBuildConfiguration;
			baseConfigurationReference = 7C6E258152BB1339A97A1D58 /* Pods-Wayback MachineTests.debug.xcconfig */;
			buildSettings = {
				ALWAYS_EMBED_SWIFT_STANDARD_LIBRARIES = YES;
				BUNDLE_LOADER = "$(TEST_HOST)";
				CODE_SIGN_IDENTITY = "-";
				CODE_SIGN_STYLE = Manual;
				COMBINE_HIDPI_IMAGES = YES;
				DEVELOPMENT_TEAM = "";
				INFOPLIST_FILE = "Wayback MachineTests/Info.plist";
				LD_RUNPATH_SEARCH_PATHS = (
					"$(inherited)",
					"@executable_path/../Frameworks",
					"@loader_path/../Frameworks",
				);
				PRODUCT_BUNDLE_IDENTIFIER = "archive.org.Wayback-MachineTests";
				PRODUCT_NAME = "$(TARGET_NAME)";
				PROVISIONING_PROFILE_SPECIFIER = "";
				SWIFT_VERSION = 5.0;
				TEST_HOST = "$(BUILT_PRODUCTS_DIR)/Wayback Machine.app/Contents/MacOS/Wayback Machine";
			};
			name = Debug;
		};
		C38D18E8215EE6E700E95389 /* Release */ = {
			isa = XCBuildConfiguration;
			baseConfigurationReference = 7D4980ACE5D8CECEA5094051 /* Pods-Wayback MachineTests.release.xcconfig */;
			buildSettings = {
				ALWAYS_EMBED_SWIFT_STANDARD_LIBRARIES = YES;
				BUNDLE_LOADER = "$(TEST_HOST)";
				CODE_SIGN_IDENTITY = "-";
				CODE_SIGN_STYLE = Manual;
				COMBINE_HIDPI_IMAGES = YES;
				DEVELOPMENT_TEAM = "";
				INFOPLIST_FILE = "Wayback MachineTests/Info.plist";
				LD_RUNPATH_SEARCH_PATHS = (
					"$(inherited)",
					"@executable_path/../Frameworks",
					"@loader_path/../Frameworks",
				);
				PRODUCT_BUNDLE_IDENTIFIER = "archive.org.Wayback-MachineTests";
				PRODUCT_NAME = "$(TARGET_NAME)";
				PROVISIONING_PROFILE_SPECIFIER = "";
				SWIFT_VERSION = 5.0;
				TEST_HOST = "$(BUILT_PRODUCTS_DIR)/Wayback Machine.app/Contents/MacOS/Wayback Machine";
			};
			name = Release;
		};
		C38D1903215EE78D00E95389 /* Debug */ = {
			isa = XCBuildConfiguration;
			baseConfigurationReference = B2815BA1B831F9C055B78FBB /* Pods-Wayback Machine Extension.debug.xcconfig */;
			buildSettings = {
				CODE_SIGN_ENTITLEMENTS = "Wayback Machine Extension/Wayback Machine Extension.entitlements";
				CODE_SIGN_IDENTITY = "Mac Developer";
				CODE_SIGN_STYLE = Manual;
				CURRENT_PROJECT_VERSION = 13;
				DEVELOPMENT_TEAM = ZSFX78H3ZT;
				INFOPLIST_FILE = "Wayback Machine Extension/Info.plist";
				LD_RUNPATH_SEARCH_PATHS = (
					"$(inherited)",
					"@executable_path/../Frameworks",
					"@executable_path/../../../../Frameworks",
				);
				MARKETING_VERSION = 1.3;
				PRODUCT_BUNDLE_IDENTIFIER = archive.org.waybackmachine.mac.extension;
				PRODUCT_NAME = "$(TARGET_NAME)";
				PROVISIONING_PROFILE_SPECIFIER = "";
				SKIP_INSTALL = YES;
				SWIFT_VERSION = 5.0;
			};
			name = Debug;
		};
		C38D1904215EE78D00E95389 /* Release */ = {
			isa = XCBuildConfiguration;
			baseConfigurationReference = 94ED460EDB0D0C2C788B3241 /* Pods-Wayback Machine Extension.release.xcconfig */;
			buildSettings = {
				CODE_SIGN_ENTITLEMENTS = "Wayback Machine Extension/Wayback Machine Extension.entitlements";
				CODE_SIGN_IDENTITY = "3rd Party Mac Developer Application";
				CODE_SIGN_STYLE = Manual;
				CURRENT_PROJECT_VERSION = 13;
				DEVELOPMENT_TEAM = ZSFX78H3ZT;
				INFOPLIST_FILE = "Wayback Machine Extension/Info.plist";
				LD_RUNPATH_SEARCH_PATHS = (
					"$(inherited)",
					"@executable_path/../Frameworks",
					"@executable_path/../../../../Frameworks",
				);
				MARKETING_VERSION = 1.3;
				PRODUCT_BUNDLE_IDENTIFIER = archive.org.waybackmachine.mac.extension;
				PRODUCT_NAME = "$(TARGET_NAME)";
				PROVISIONING_PROFILE_SPECIFIER = "";
				SKIP_INSTALL = YES;
				SWIFT_VERSION = 5.0;
			};
			name = Release;
		};
/* End XCBuildConfiguration section */

/* Begin XCConfigurationList section */
		C38D18C3215EE6E600E95389 /* Build configuration list for PBXProject "Wayback Machine" */ = {
			isa = XCConfigurationList;
			buildConfigurations = (
				C38D18E1215EE6E700E95389 /* Debug */,
				C38D18E2215EE6E700E95389 /* Release */,
			);
			defaultConfigurationIsVisible = 0;
			defaultConfigurationName = Release;
		};
		C38D18E3215EE6E700E95389 /* Build configuration list for PBXNativeTarget "Wayback Machine" */ = {
			isa = XCConfigurationList;
			buildConfigurations = (
				C38D18E4215EE6E700E95389 /* Debug */,
				C38D18E5215EE6E700E95389 /* Release */,
			);
			defaultConfigurationIsVisible = 0;
			defaultConfigurationName = Release;
		};
		C38D18E6215EE6E700E95389 /* Build configuration list for PBXNativeTarget "Wayback MachineTests" */ = {
			isa = XCConfigurationList;
			buildConfigurations = (
				C38D18E7215EE6E700E95389 /* Debug */,
				C38D18E8215EE6E700E95389 /* Release */,
			);
			defaultConfigurationIsVisible = 0;
			defaultConfigurationName = Release;
		};
		C38D1902215EE78D00E95389 /* Build configuration list for PBXNativeTarget "Wayback Machine Extension" */ = {
			isa = XCConfigurationList;
			buildConfigurations = (
				C38D1903215EE78D00E95389 /* Debug */,
				C38D1904215EE78D00E95389 /* Release */,
			);
			defaultConfigurationIsVisible = 0;
			defaultConfigurationName = Release;
		};
/* End XCConfigurationList section */
	};
	rootObject = C38D18C0215EE6E600E95389 /* Project object */;
}
